Microsoft Visual Studio Solution File, Format Version 12.00
# Visual Studio 15
VisualStudioVersion = 15.0.27130.0
MinimumVisualStudioVersion = 10.0.40219.1
Project("{2150E333-8FDC-42A3-9474-1A3956D46DE8}") = "build", "build", "{17A96A59-307C-42AA-BDA9-12A1E7B3354E}"
	ProjectSection(SolutionItems) = preProject
		build\build-package.ps1 = build\build-package.ps1
	EndProjectSection
EndProject
Project("{FAE04EC0-301F-11D3-BF4B-00C04F79EFBC}") = "DemoChannels", "DemoChannels\DemoChannels.csproj", "{5C32AD6D-A96A-414C-AF3D-0121FC50FD0B}"
EndProject
Global
	GlobalSection(SolutionConfigurationPlatforms) = preSolution
		Debug|Any CPU = Debug|Any CPU
		Release|Any CPU = Release|Any CPU
	EndGlobalSection
	GlobalSection(ProjectConfigurationPlatforms) = postSolution
		{5C32AD6D-A96A-414C-AF3D-0121FC50FD0B}.Debug|Any CPU.ActiveCfg = Debug|Any CPU
		{5C32AD6D-A96A-414C-AF3D-0121FC50FD0B}.Debug|Any CPU.Build.0 = Debug|Any CPU
		{5C32AD6D-A96A-414C-AF3D-0121FC50FD0B}.Release|Any CPU.ActiveCfg = Release|Any CPU
		{5C32AD6D-A96A-414C-AF3D-0121FC50FD0B}.Release|Any CPU.Build.0 = Release|Any CPU
	EndGlobalSection
	GlobalSection(SolutionProperties) = preSolution
		HideSolutionNode = FALSE
	EndGlobalSection
	GlobalSection(ExtensibilityGlobals) = postSolution
		SolutionGuid = {2F31AE6E-70A1-4BF0-8E38-D7A1D2E4A2A0}
	EndGlobalSection
EndGlobal
